
Microsoft Visual Studio Solution File, Format Version 12.00
# Visual Studio 15
VisualStudioVersion = 15.0.28307.572
MinimumVisualStudioVersion = 10.0.40219.1
Project("{9A19103F-16F7-4668-BE54-9A1E7A4F7556}") = "Backend", "Backend\Backend.csproj", "{8A6D3E60-1B50-463E-9D82-CF7A655F0732}"
EndProject
Project("{9A19103F-16F7-4668-BE54-9A1E7A4F7556}") = "FrontEnd", "Frontend\FrontEnd.csproj", "{5B967BC4-236E-4ADD-81A4-833911357029}"
EndProject
Global
	GlobalSection(SolutionConfigurationPlatforms) = preSolution
		Debug|Any CPU = Debug|Any CPU
		Release|Any CPU = Release|Any CPU
	EndGlobalSection
	GlobalSection(ProjectConfigurationPlatforms) = postSolution
		{8A6D3E60-1B50-463E-9D82-CF7A655F0732}.Debug|Any CPU.ActiveCfg = Debug|Any CPU
		{8A6D3E60-1B50-463E-9D82-CF7A655F0732}.Debug|Any CPU.Build.0 = Debug|Any CPU
		{8A6D3E60-1B50-463E-9D82-CF7A655F0732}.Release|Any CPU.ActiveCfg = Release|Any CPU
		{8A6D3E60-1B50-463E-9D82-CF7A655F0732}.Release|Any CPU.Build.0 = Release|Any CPU
		{5B967BC4-236E-4ADD-81A4-833911357029}.Debug|Any CPU.ActiveCfg = Debug|Any CPU
		{5B967BC4-236E-4ADD-81A4-833911357029}.Debug|Any CPU.Build.0 = Debug|Any CPU
		{5B967BC4-236E-4ADD-81A4-833911357029}.Release|Any CPU.ActiveCfg = Release|Any CPU
		{5B967BC4-236E-4ADD-81A4-833911357029}.Release|Any CPU.Build.0 = Release|Any CPU
	EndGlobalSection
	GlobalSection(SolutionProperties) = preSolution
		HideSolutionNode = FALSE
	EndGlobalSection
	GlobalSection(ExtensibilityGlobals) = postSolution
		SolutionGuid = {2B56A1DB-F255-4344-96B5-D158D6BD4035}
	EndGlobalSection
EndGlobal
